// !$*UTF8*$!
{
	archiveVersion = 1;
	classes = {
	};
	objectVersion = 77;
	objects = {

/* Begin PBXContainerItemProxy section */
		5738AE102EB071FE00AC7422 /* PBXContainerItemProxy */ = {
			isa = PBXContainerItemProxy;
			containerPortal = 5738ADF12EB071FB00AC7422 /* Project object */;
			proxyType = 1;
			remoteGlobalIDString = 5738ADF82EB071FB00AC7422;
			remoteInfo = "isSecureTextEntry iOS";
		};
		5738AE1A2EB071FE00AC7422 /* PBXContainerItemProxy */ = {
			isa = PBXContainerItemProxy;
			containerPortal = 5738ADF12EB071FB00AC7422 /* Project object */;
			proxyType = 1;
			remoteGlobalIDString = 5738ADF82EB071FB00AC7422;
			remoteInfo = "isSecureTextEntry iOS";
		};
/* End PBXContainerItemProxy section */

/* Begin PBXFileReference section */
		5738ADF92EB071FB00AC7422 /* isSecureTextEntry iOS.app */ = {isa = PBXFileReference; explicitFileType = wrapper.application; includeInIndex = 0; path = "isSecureTextEntry iOS.app"; sourceTree = BUILT_PRODUCTS_DIR; };
		5738AE0F2EB071FE00AC7422 /* isSecureTextEntry iOSTests.xctest */ = {isa = PBXFileReference; explicitFileType = wrapper.cfbundle; includeInIndex = 0; path = "isSecureTextEntry iOSTests.xctest"; sourceTree = BUILT_PRODUCTS_DIR; };
		5738AE192EB071FE00AC7422 /* isSecureTextEntry iOSUITests.xctest */ = {isa = PBXFileReference; explicitFileType = wrapper.cfbundle; includeInIndex = 0; path = "isSecureTextEntry iOSUITests.xctest"; sourceTree = BUILT_PRODUCTS_DIR; };
/* End PBXFileReference section */

/* Begin PBXFileSystemSynchronizedBuildFileExceptionSet section */
		5738AE212EB071FE00AC7422 /* Exceptions for "isSecureTextEntry iOS" folder in "isSecureTextEntry iOS" target */ = {
			isa = PBXFileSystemSynchronizedBuildFileExceptionSet;
			membershipExceptions = (
				Info.plist,
			);
			target = 5738ADF82EB071FB00AC7422 /* isSecureTextEntry iOS */;
		};
/* End PBXFileSystemSynchronizedBuildFileExceptionSet section */

/* Begin PBXFileSystemSynchronizedRootGroup section */
		5738ADFB2EB071FB00AC7422 /* isSecureTextEntry iOS */ = {
			isa = PBXFileSystemSynchronizedRootGroup;
			exceptions = (
				5738AE212EB071FE00AC7422 /* Exceptions for "isSecureTextEntry iOS" folder in "isSecureTextEntry iOS" target */,
			);
			path = "isSecureTextEntry iOS";
			sourceTree = "<group>";
		};
		5738AE122EB071FE00AC7422 /* isSecureTextEntry iOSTests */ = {
			isa = PBXFileSystemSynchronizedRootGroup;
			path = "isSecureTextEntry iOSTests";
			sourceTree = "<group>";
		};
		5738AE1C2EB071FE00AC7422 /* isSecureTextEntry iOSUITests */ = {
			isa = PBXFileSystemSynchronizedRootGroup;
			path = "isSecureTextEntry iOSUITests";
			sourceTree = "<group>";
		};
/* End PBXFileSystemSynchronizedRootGroup section */

/* Begin PBXFrameworksBuildPhase section */
		5738ADF62EB071FB00AC7422 /* Frameworks */ = {
			isa = PBXFrameworksBuildPhase;
			buildActionMask = 2147483647;
			files = (
			);
			runOnlyForDeploymentPostprocessing = 0;
		};
		5738AE0C2EB071FE00AC7422 /* Frameworks */ = {
			isa = PBXFrameworksBuildPhase;
			buildActionMask = 2147483647;
			files = (
			);
			runOnlyForDeploymentPostprocessing = 0;
		};
		5738AE162EB071FE00AC7422 /* Frameworks */ = {
			isa = PBXFrameworksBuildPhase;
			buildActionMask = 2147483647;
			files = (
			);
			runOnlyForDeploymentPostprocessing = 0;
		};
/* End PBXFrameworksBuildPhase section */

/* Begin PBXGroup section */
		5738ADF02EB071FB00AC7422 = {
			isa = PBXGroup;
			children = (
				5738ADFB2EB071FB00AC7422 /* isSecureTextEntry iOS */,
				5738AE122EB071FE00AC7422 /* isSecureTextEntry iOSTests */,
				5738AE1C2EB071FE00AC7422 /* isSecureTextEntry iOSUITests */,
				5738ADFA2EB071FB00AC7422 /* Products */,
			);
			sourceTree = "<group>";
		};
		5738ADFA2EB071FB00AC7422 /* Products */ = {
			isa = PBXGroup;
			children = (
				5738ADF92EB071FB00AC7422 /* isSecureTextEntry iOS.app */,
				5738AE0F2EB071FE00AC7422 /* isSecureTextEntry iOSTests.xctest */,
				5738AE192EB071FE00AC7422 /* isSecureTextEntry iOSUITests.xctest */,
			);
			name = Products;
			sourceTree = "<group>";
		};
/* End PBXGroup section */

/* Begin PBXNativeTarget section */
		5738ADF82EB071FB00AC7422 /* isSecureTextEntry iOS */ = {
			isa = PBXNativeTarget;
			buildConfigurationList = 5738AE222EB071FE00AC7422 /* Build configuration list for PBXNativeTarget "isSecureTextEntry iOS" */;
			buildPhases = (
				5738ADF52EB071FB00AC7422 /* Sources */,
				5738ADF62EB071FB00AC7422 /* Frameworks */,
				5738ADF72EB071FB00AC7422 /* Resources */,
			);
			buildRules = (
			);
			dependencies = (
			);
			fileSystemSynchronizedGroups = (
				5738ADFB2EB071FB00AC7422 /* isSecureTextEntry iOS */,
			);
			name = "isSecureTextEntry iOS";
			packageProductDependencies = (
			);
			productName = "isSecureTextEntry iOS";
			productReference = 5738ADF92EB071FB00AC7422 /* isSecureTextEntry iOS.app */;
			productType = "com.apple.product-type.application";
		};
		5738AE0E2EB071FE00AC7422 /* isSecureTextEntry iOSTests */ = {
			isa = PBXNativeTarget;
			buildConfigurationList = 5738AE272EB071FE00AC7422 /* Build configuration list for PBXNativeTarget "isSecureTextEntry iOSTests" */;
			buildPhases = (
				5738AE0B2EB071FE00AC7422 /* Sources */,
				5738AE0C2EB071FE00AC7422 /* Frameworks */,
				5738AE0D2EB071FE00AC7422 /* Resources */,
			);
			buildRules = (
			);
			dependencies = (
				5738AE112EB071FE00AC7422 /* PBXTargetDependency */,
			);
			fileSystemSynchronizedGroups = (
				5738AE122EB071FE00AC7422 /* isSecureTextEntry iOSTests */,
			);
			name = "isSecureTextEntry iOSTests";
			packageProductDependencies = (
			);
			productName = "isSecureTextEntry iOSTests";
			productReference = 5738AE0F2EB071FE00AC7422 /* isSecureTextEntry iOSTests.xctest */;
			productType = "com.apple.product-type.bundle.unit-test";
		};
		5738AE182EB071FE00AC7422 /* isSecureTextEntry iOSUITests */ = {
			isa = PBXNativeTarget;
			buildConfigurationList = 5738AE2A2EB071FE00AC7422 /* Build configuration list for PBXNativeTarget "isSecureTextEntry iOSUITests" */;
			buildPhases = (
				5738AE152EB071FE00AC7422 /* Sources */,
				5738AE162EB071FE00AC7422 /* Frameworks */,
				5738AE172EB071FE00AC7422 /* Resources */,
			);
			buildRules = (
			);
			dependencies = (
				5738AE1B2EB071FE00AC7422 /* PBXTargetDependency */,
			);
			fileSystemSynchronizedGroups = (
				5738AE1C2EB071FE00AC7422 /* isSecureTextEntry iOSUITests */,
			);
			name = "isSecureTextEntry iOSUITests";
			packageProductDependencies = (
			);
			productName = "isSecureTextEntry iOSUITests";
			productReference = 5738AE192EB071FE00AC7422 /* isSecureTextEntry iOSUITests.xctest */;
			productType = "com.apple.product-type.bundle.ui-testing";
		};
/* End PBXNativeTarget section */

/* Begin PBXProject section */
		5738ADF12EB071FB00AC7422 /* Project object */ = {
			isa = PBXProject;
			attributes = {
				BuildIndependentTargetsInParallel = 1;
				LastSwiftUpdateCheck = 1600;
				LastUpgradeCheck = 1600;
				TargetAttributes = {
					5738ADF82EB071FB00AC7422 = {
						CreatedOnToolsVersion = 16.0;
					};
					5738AE0E2EB071FE00AC7422 = {
						CreatedOnToolsVersion = 16.0;
						TestTargetID = 5738ADF82EB071FB00AC7422;
					};
					5738AE182EB071FE00AC7422 = {
						CreatedOnToolsVersion = 16.0;
						TestTargetID = 5738ADF82EB071FB00AC7422;
					};
				};
			};
			buildConfigurationList = 5738ADF42EB071FB00AC7422 /* Build configuration list for PBXProject "isSecureTextEntry iOS" */;
			developmentRegion = en;
			hasScannedForEncodings = 0;
			knownRegions = (
				en,
				Base,
			);
			mainGroup = 5738ADF02EB071FB00AC7422;
			minimizedProjectReferenceProxies = 1;
			preferredProjectObjectVersion = 77;
			productRefGroup = 5738ADFA2EB071FB00AC7422 /* Products */;
			projectDirPath = "";
			projectRoot = "";
			targets = (
				5738ADF82EB071FB00AC7422 /* isSecureTextEntry iOS */,
				5738AE0E2EB071FE00AC7422 /* isSecureTextEntry iOSTests */,
				5738AE182EB071FE00AC7422 /* isSecureTextEntry iOSUITests */,
			);
		};
/* End PBXProject section */

/* Begin PBXResourcesBuildPhase section */
		5738ADF72EB071FB00AC7422 /* Resources */ = {
			isa = PBXResourcesBuildPhase;
			buildActionMask = 2147483647;
			files = (
			);
			runOnlyForDeploymentPostprocessing = 0;
		};
		5738AE0D2EB071FE00AC7422 /* Resources */ = {
			isa = PBXResourcesBuildPhase;
			buildActionMask = 2147483647;
			files = (
			);
			runOnlyForDeploymentPostprocessing = 0;
		};
		5738AE172EB071FE00AC7422 /* Resources */ = {
			isa = PBXResourcesBuildPhase;
			buildActionMask = 2147483647;
			files = (
			);
			runOnlyForDeploymentPostprocessing = 0;
		};
/* End PBXResourcesBuildPhase section */

/* Begin PBXSourcesBuildPhase section */
		5738ADF52EB071FB00AC7422 /* Sources */ = {
			isa = PBXSourcesBuildPhase;
			buildActionMask = 2147483647;
			files = (
			);
			runOnlyForDeploymentPostprocessing = 0;
		};
		5738AE0B2EB071FE00AC7422 /* Sources */ = {
			isa = PBXSourcesBuildPhase;
			buildActionMask = 2147483647;
			files = (
			);
			runOnlyForDeploymentPostprocessing = 0;
		};
		5738AE152EB071FE00AC7422 /* Sources */ = {
			isa = PBXSourcesBuildPhase;
			buildActionMask = 2147483647;
			files = (
			);
			runOnlyForDeploymentPostprocessing = 0;
		};
/* End PBXSourcesBuildPhase section */

/* Begin PBXTargetDependency section */
		5738AE112EB071FE00AC7422 /* PBXTargetDependency */ = {
			isa = PBXTargetDependency;
			target = 5738ADF82EB071FB00AC7422 /* isSecureTextEntry iOS */;
			targetProxy = 5738AE102EB071FE00AC7422 /* PBXContainerItemProxy */;
		};
		5738AE1B2EB071FE00AC7422 /* PBXTargetDependency */ = {
			isa = PBXTargetDependency;
			target = 5738ADF82EB071FB00AC7422 /* isSecureTextEntry iOS */;
			targetProxy = 5738AE1A2EB071FE00AC7422 /* PBXContainerItemProxy */;
		};
/* End PBXTargetDependency section */

/* Begin XCBuildConfiguration section */
		5738AE232EB071FE00AC7422 /* Debug */ = {
			isa = XCBuildConfiguration;
			buildSettings = {
				ASSETCATALOG_COMPILER_APPICON_NAME = AppIcon;
				ASSETCATALOG_COMPILER_GLOBAL_ACCENT_COLOR_NAME = AccentColor;
				CODE_SIGN_STYLE = Automatic;
				CURRENT_PROJECT_VERSION = 1;
				DEVELOPMENT_TEAM = 8MYP67433J;
				GENERATE_INFOPLIST_FILE = YES;
				INFOPLIST_FILE = "isSecureTextEntry iOS/Info.plist";
				INFOPLIST_KEY_UIApplicationSupportsIndirectInputEvents = YES;
				INFOPLIST_KEY_UILaunchStoryboardName = LaunchScreen;
				INFOPLIST_KEY_UIMainStoryboardFile = Main;
				INFOPLIST_KEY_UISupportedInterfaceOrientations_iPad = "UIInterfaceOrientationPortrait UIInterfaceOrientationPortraitUpsideDown UIInterfaceOrientationLandscapeLeft UIInterfaceOrientationLandscapeRight";
				INFOPLIST_KEY_UISupportedInterfaceOrientations_iPhone = "UIInterfaceOrientationPortrait UIInterfaceOrientationLandscapeLeft UIInterfaceOrientationLandscapeRight";
				LD_RUNPATH_SEARCH_PATHS = (
					"$(inherited)",
					"@executable_path/Frameworks",
				);
				MARKETING_VERSION = 1.0;
				PRODUCT_BUNDLE_IDENTIFIER = "maomaoid.com.isSecureTextEntry-iOS";
				PRODUCT_NAME = "$(TARGET_NAME)";
				SWIFT_EMIT_LOC_STRINGS = YES;
				SWIFT_VERSION = 5.0;
				TARGETED_DEVICE_FAMILY = "1,2";
			};
			name = Debug;
		};
		5738AE242EB071FE00AC7422 /* Release */ = {
			isa = XCBuildConfiguration;
			buildSettings = {
				ASSETCATALOG_COMPILER_APPICON_NAME = AppIcon;
				ASSETCATALOG_COMPILER_GLOBAL_ACCENT_COLOR_NAME = AccentColor;
				CODE_SIGN_STYLE = Automatic;
				CURRENT_PROJECT_VERSION = 1;
				DEVELOPMENT_TEAM = 8MYP67433J;
				GENERATE_INFOPLIST_FILE = YES;
				INFOPLIST_FILE = "isSecureTextEntry iOS/Info.plist";
				INFOPLIST_KEY_UIApplicationSupportsIndirectInputEvents = YES;
				INFOPLIST_KEY_UILaunchStoryboardName = LaunchScreen;
				INFOPLIST_KEY_UIMainStoryboardFile = Main;
				INFOPLIST_KEY_UISupportedInterfaceOrientations_iPad = "UIInterfaceOrientationPortrait UIInterfaceOrientationPortraitUpsideDown UIInterfaceOrientationLandscapeLeft UIInterfaceOrientationLandscapeRight";
				INFOPLIST_KEY_UISupportedInterfaceOrientations_iPhone = "UIInterfaceOrientationPortrait UIInterfaceOrientationLandscapeLeft UIInterfaceOrientationLandscapeRight";
				LD_RUNPATH_SEARCH_PATHS = (
					"$(inherited)",
					"@executable_path/Frameworks",
				);
				MARKETING_VERSION = 1.0;
				PRODUCT_BUNDLE_IDENTIFIER = "maomaoid.com.isSecureTextEntry-iOS";
				PRODUCT_NAME = "$(TARGET_NAME)";
				SWIFT_EMIT_LOC_STRINGS = YES;
				SWIFT_VERSION = 5.0;
				TARGETED_DEVICE_FAMILY = "1,2";
			};
			name = Release;
		};
		5738AE252EB071FE00AC7422 /* Debug */ = {
			isa = XCBuildConfiguration;
			buildSettings = {
				ALWAYS_SEARCH_USER_PATHS = NO;
				ASSETCATALOG_COMPILER_GENERATE_SWIFT_ASSET_SYMBOL_EXTENSIONS = YES;
				CLANG_ANALYZER_NONNULL = YES;
				CLANG_ANALYZER_NUMBER_OBJECT_CONVERSION = YES_AGGRESSIVE;
				CLANG_CXX_LANGUAGE_STANDARD = "gnu++20";
				CLANG_ENABLE_MODULES = YES;
				CLANG_ENABLE_OBJC_ARC = YES;
				CLANG_ENABLE_OBJC_WEAK = YES;
				CLANG_WARN_BLOCK_CAPTURE_AUTORELEASING = YES;
				CLANG_WARN_BOOL_CONVERSION = YES;
				CLANG_WARN_COMMA = YES;
				CLANG_WARN_CONSTANT_CONVERSION = YES;
				CLANG_WARN_DEPRECATED_OBJC_IMPLEMENTATIONS = YES;
				CLANG_WARN_DIRECT_OBJC_ISA_USAGE = YES_ERROR;
				CLANG_WARN_DOCUMENTATION_COMMENTS = YES;
				CLANG_WARN_EMPTY_BODY = YES;
				CLANG_WARN_ENUM_CONVERSION = YES;
				CLANG_WARN_INFINITE_RECURSION = YES;
				CLANG_WARN_INT_CONVERSION = YES;
				CLANG_WARN_NON_LITERAL_NULL_CONVERSION = YES;
				CLANG_WARN_OBJC_IMPLICIT_RETAIN_SELF = YES;
				CLANG_WARN_OBJC_LITERAL_CONVERSION = YES;
				CLANG_WARN_OBJC_ROOT_CLASS = YES_ERROR;
				CLANG_WARN_QUOTED_INCLUDE_IN_FRAMEWORK_HEADER = YES;
				CLANG_WARN_RANGE_LOOP_ANALYSIS = YES;
				CLANG_WARN_STRICT_PROTOTYPES = YES;
				CLANG_WARN_SUSPICIOUS_MOVE = YES;
				CLANG_WARN_UNGUARDED_AVAILABILITY = YES_AGGRESSIVE;
				CLANG_WARN_UNREACHABLE_CODE = YES;
				CLANG_WARN__DUPLICATE_METHOD_MATCH = YES;
				COPY_PHASE_STRIP = NO;
				DEBUG_INFORMATION_FORMAT = dwarf;
				ENABLE_STRICT_OBJC_MSGSEND = YES;
				ENABLE_TESTABILITY = YES;
				ENABLE_USER_SCRIPT_SANDBOXING = YES;
				GCC_C_LANGUAGE_STANDARD = gnu17;
				GCC_DYNAMIC_NO_PIC = NO;
				GCC_NO_COMMON_BLOCKS = YES;
				GCC_OPTIMIZATION_LEVEL = 0;
				GCC_PREPROCESSOR_DEFINITIONS = (
					"DEBUG=1",
					"$(inherited)",
				);
				GCC_WARN_64_TO_32_BIT_CONVERSION = YES;
				GCC_WARN_ABOUT_RETURN_TYPE = YES_ERROR;
				GCC_WARN_UNDECLARED_SELECTOR = YES;
				GCC_WARN_UNINITIALIZED_AUTOS = YES_AGGRESSIVE;
				GCC_WARN_UNUSED_FUNCTION = YES;
				GCC_WARN_UNUSED_VARIABLE = YES;
				IPHONEOS_DEPLOYMENT_TARGET = 18.0;
				LOCALIZATION_PREFERS_STRING_CATALOGS = YES;
				MTL_ENABLE_DEBUG_INFO = INCLUDE_SOURCE;
				MTL_FAST_MATH = YES;
				ONLY_ACTIVE_ARCH = YES;
				SDKROOT = iphoneos;
				SWIFT_ACTIVE_COMPILATION_CONDITIONS = "DEBUG $(inherited)";
				SWIFT_OPTIMIZATION_LEVEL = "-Onone";
			};
			name = Debug;
		};
		5738AE262EB071FE00AC7422 /* Release */ = {
			isa = XCBuildConfiguration;
			buildSettings = {
				ALWAYS_SEARCH_USER_PATHS = NO;
				ASSETCATALOG_COMPILER_GENERATE_SWIFT_ASSET_SYMBOL_EXTENSIONS = YES;
				CLANG_ANALYZER_NONNULL = YES;
				CLANG_ANALYZER_NUMBER_OBJECT_CONVERSION = YES_AGGRESSIVE;
				CLANG_CXX_LANGUAGE_STANDARD = "gnu++20";
				CLANG_ENABLE_MODULES = YES;
				CLANG_ENABLE_OBJC_ARC = YES;
				CLANG_ENABLE_OBJC_WEAK = YES;
				CLANG_WARN_BLOCK_CAPTURE_AUTORELEASING = YES;
				CLANG_WARN_BOOL_CONVERSION = YES;
				CLANG_WARN_COMMA = YES;
				CLANG_WARN_CONSTANT_CONVERSION = YES;
				CLANG_WARN_DEPRECATED_OBJC_IMPLEMENTATIONS = YES;
				CLANG_WARN_DIRECT_OBJC_ISA_USAGE = YES_ERROR;
				CLANG_WARN_DOCUMENTATION_COMMENTS = YES;
				CLANG_WARN_EMPTY_BODY = YES;
				CLANG_WARN_ENUM_CONVERSION = YES;
				CLANG_WARN_INFINITE_RECURSION = YES;
				CLANG_WARN_INT_CONVERSION = YES;
				CLANG_WARN_NON_LITERAL_NULL_CONVERSION = YES;
				CLANG_WARN_OBJC_IMPLICIT_RETAIN_SELF = YES;
				CLANG_WARN_OBJC_LITERAL_CONVERSION = YES;
				CLANG_WARN_OBJC_ROOT_CLASS = YES_ERROR;
				CLANG_WARN_QUOTED_INCLUDE_IN_FRAMEWORK_HEADER = YES;
				CLANG_WARN_RANGE_LOOP_ANALYSIS = YES;
				CLANG_WARN_STRICT_PROTOTYPES = YES;
				CLANG_WARN_SUSPICIOUS_MOVE = YES;
				CLANG_WARN_UNGUARDED_AVAILABILITY = YES_AGGRESSIVE;
				CLANG_WARN_UNREACHABLE_CODE = YES;
				CLANG_WARN__DUPLICATE_METHOD_MATCH = YES;
				COPY_PHASE_STRIP = NO;
				DEBUG_INFORMATION_FORMAT = "dwarf-with-dsym";
				ENABLE_NS_ASSERTIONS = NO;
				ENABLE_STRICT_OBJC_MSGSEND = YES;
				ENABLE_USER_SCRIPT_SANDBOXING = YES;
				GCC_C_LANGUAGE_STANDARD = gnu17;
				GCC_NO_COMMON_BLOCKS = YES;
				GCC_WARN_64_TO_32_BIT_CONVERSION = YES;
				GCC_WARN_ABOUT_RETURN_TYPE = YES_ERROR;
				GCC_WARN_UNDECLARED_SELECTOR = YES;
				GCC_WARN_UNINITIALIZED_AUTOS = YES_AGGRESSIVE;
				GCC_WARN_UNUSED_FUNCTION = YES;
				GCC_WARN_UNUSED_VARIABLE = YES;
				IPHONEOS_DEPLOYMENT_TARGET = 18.0;
				LOCALIZATION_PREFERS_STRING_CATALOGS = YES;
				MTL_ENABLE_DEBUG_INFO = NO;
				MTL_FAST_MATH = YES;
				SDKROOT = iphoneos;
				SWIFT_COMPILATION_MODE = wholemodule;
				VALIDATE_PRODUCT = YES;
			};
			name = Release;
		};
		5738AE282EB071FE00AC7422 /* Debug */ = {
			isa = XCBuildConfiguration;
			buildSettings = {
				BUNDLE_LOADER = "$(TEST_HOST)";
				CODE_SIGN_STYLE = Automatic;
				CURRENT_PROJECT_VERSION = 1;
				DEVELOPMENT_TEAM = 8MYP67433J;
				GENERATE_INFOPLIST_FILE = YES;
				IPHONEOS_DEPLOYMENT_TARGET = 18.0;
				MARKETING_VERSION = 1.0;
				PRODUCT_BUNDLE_IDENTIFIER = "maomaoid.com.isSecureTextEntry-iOSTests";
				PRODUCT_NAME = "$(TARGET_NAME)";
				SWIFT_EMIT_LOC_STRINGS = NO;
				SWIFT_VERSION = 5.0;
				TARGETED_DEVICE_FAMILY = "1,2";
				TEST_HOST = "$(BUILT_PRODUCTS_DIR)/isSecureTextEntry iOS.app/$(BUNDLE_EXECUTABLE_FOLDER_PATH)/isSecureTextEntry iOS";
			};
			name = Debug;
		};
		5738AE292EB071FE00AC7422 /* Release */ = {
			isa = XCBuildConfiguration;
			buildSettings = {
				BUNDLE_LOADER = "$(TEST_HOST)";
				CODE_SIGN_STYLE = Automatic;
				CURRENT_PROJECT_VERSION = 1;
				DEVELOPMENT_TEAM = 8MYP67433J;
				GENERATE_INFOPLIST_FILE = YES;
				IPHONEOS_DEPLOYMENT_TARGET = 18.0;
				MARKETING_VERSION = 1.0;
				PRODUCT_BUNDLE_IDENTIFIER = "maomaoid.com.isSecureTextEntry-iOSTests";
				PRODUCT_NAME = "$(TARGET_NAME)";
				SWIFT_EMIT_LOC_STRINGS = NO;
				SWIFT_VERSION = 5.0;
				TARGETED_DEVICE_FAMILY = "1,2";
				TEST_HOST = "$(BUILT_PRODUCTS_DIR)/isSecureTextEntry iOS.app/$(BUNDLE_EXECUTABLE_FOLDER_PATH)/isSecureTextEntry iOS";
			};
			name = Release;
		};
		5738AE2B2EB071FE00AC7422 /* Debug */ = {
			isa = XCBuildConfiguration;
			buildSettings = {
				CODE_SIGN_STYLE = Automatic;
				CURRENT_PROJECT_VERSION = 1;
				DEVELOPMENT_TEAM = 8MYP67433J;
				GENERATE_INFOPLIST_FILE = YES;
				MARKETING_VERSION = 1.0;
				PRODUCT_BUNDLE_IDENTIFIER = "maomaoid.com.isSecureTextEntry-iOSUITests";
				PRODUCT_NAME = "$(TARGET_NAME)";
				SWIFT_EMIT_LOC_STRINGS = NO;
				SWIFT_VERSION = 5.0;
				TARGETED_DEVICE_FAMILY = "1,2";
				TEST_TARGET_NAME = "isSecureTextEntry iOS";
			};
			name = Debug;
		};
		5738AE2C2EB071FE00AC7422 /* Release */ = {
			isa = XCBuildConfiguration;
			buildSettings = {
				CODE_SIGN_STYLE = Automatic;
				CURRENT_PROJECT_VERSION = 1;
				DEVELOPMENT_TEAM = 8MYP67433J;
				GENERATE_INFOPLIST_FILE = YES;
				MARKETING_VERSION = 1.0;
				PRODUCT_BUNDLE_IDENTIFIER = "maomaoid.com.isSecureTextEntry-iOSUITests";
				PRODUCT_NAME = "$(TARGET_NAME)";
				SWIFT_EMIT_LOC_STRINGS = NO;
				SWIFT_VERSION = 5.0;
				TARGETED_DEVICE_FAMILY = "1,2";
				TEST_TARGET_NAME = "isSecureTextEntry iOS";
			};
			name = Release;
		};
/* End XCBuildConfiguration section */

/* Begin XCConfigurationList section */
		5738ADF42EB071FB00AC7422 /* Build configuration list for PBXProject "isSecureTextEntry iOS" */ = {
			isa = XCConfigurationList;
			buildConfigurations = (
				5738AE252EB071FE00AC7422 /* Debug */,
				5738AE262EB071FE00AC7422 /* Release */,
			);
			defaultConfigurationIsVisible = 0;
			defaultConfigurationName = Release;
		};
		5738AE222EB071FE00AC7422 /* Build configuration list for PBXNativeTarget "isSecureTextEntry iOS" */ = {
			isa = XCConfigurationList;
			buildConfigurations = (
				5738AE232EB071FE00AC7422 /* Debug */,
				5738AE242EB071FE00AC7422 /* Release */,
			);
			defaultConfigurationIsVisible = 0;
			defaultConfigurationName = Release;
		};
		5738AE272EB071FE00AC7422 /* Build configuration list for PBXNativeTarget "isSecureTextEntry iOSTests" */ = {
			isa = XCConfigurationList;
			buildConfigurations = (
				5738AE282EB071FE00AC7422 /* Debug */,
				5738AE292EB071FE00AC7422 /* Release */,
			);
			defaultConfigurationIsVisible = 0;
			defaultConfigurationName = Release;
		};
		5738AE2A2EB071FE00AC7422 /* Build configuration list for PBXNativeTarget "isSecureTextEntry iOSUITests" */ = {
			isa = XCConfigurationList;
			buildConfigurations = (
				5738AE2B2EB071FE00AC7422 /* Debug */,
				5738AE2C2EB071FE00AC7422 /* Release */,
			);
			defaultConfigurationIsVisible = 0;
			defaultConfigurationName = Release;
		};
/* End XCConfigurationList section */
	};
	rootObject = 5738ADF12EB071FB00AC7422 /* Project object */;
}
